
Microsoft Visual Studio Solution File, Format Version 12.00
# Visual Studio Version 17
VisualStudioVersion = 17.8.34309.116
MinimumVisualStudioVersion = 10.0.40219.1
Project("{FAE04EC0-301F-11D3-BF4B-00C04F79EFBC}") = "Lab0", "Lab0\Lab0.csproj", "{B3B991B9-28AD-473E-9DC2-75D471CE119E}"
EndProject
Global
	GlobalSection(SolutionConfigurationPlatforms) = preSolution
		Debug|Any CPU = Debug|Any CPU
		Release|Any CPU = Release|Any CPU
	EndGlobalSection
	GlobalSection(ProjectConfigurationPlatforms) = postSolution
		{B3B991B9-28AD-473E-9DC2-75D471CE119E}.Debug|Any CPU.ActiveCfg = Debug|Any CPU
		{B3B991B9-28AD-473E-9DC2-75D471CE119E}.Debug|Any CPU.Build.0 = Debug|Any CPU
		{B3B991B9-28AD-473E-9DC2-75D471CE119E}.Release|Any CPU.ActiveCfg = Release|Any CPU
		{B3B991B9-28AD-473E-9DC2-75D471CE119E}.Release|Any CPU.Build.0 = Release|Any CPU
	EndGlobalSection
	GlobalSection(SolutionProperties) = preSolution
		HideSolutionNode = FALSE
	EndGlobalSection
	GlobalSection(ExtensibilityGlobals) = postSolution
		SolutionGuid = {813FACAD-8BFC-4015-843E-D0CAE35F8119}
	EndGlobalSection
EndGlobal
